
Microsoft Visual Studio Solution File, Format Version 12.00
# Visual Studio Version 17
VisualStudioVersion = 17.5.33530.505
MinimumVisualStudioVersion = 10.0.40219.1
Project("{FAE04EC0-301F-11D3-BF4B-00C04F79EFBC}") = "StoreWebAPI", "StoreWebAPI\StoreWebAPI.csproj", "{1569221A-00B6-4BE6-B003-9E36A49FD115}"
EndProject
Project("{FAE04EC0-301F-11D3-BF4B-00C04F79EFBC}") = "Infrastructure", "Infrastructure\Infrastructure.csproj", "{ECFE3B48-4845-41BF-A2A5-0C632F12BBCA}"
EndProject
Project("{FAE04EC0-301F-11D3-BF4B-00C04F79EFBC}") = "Core", "Core\Core.csproj", "{937989ED-0932-41B3-87B7-6A7EE4BF94FA}"
EndProject
Global
	GlobalSection(SolutionConfigurationPlatforms) = preSolution
		Debug|Any CPU = Debug|Any CPU
		Release|Any CPU = Release|Any CPU
	EndGlobalSection
	GlobalSection(ProjectConfigurationPlatforms) = postSolution
		{1569221A-00B6-4BE6-B003-9E36A49FD115}.Debug|Any CPU.ActiveCfg = Debug|Any CPU
		{1569221A-00B6-4BE6-B003-9E36A49FD115}.Debug|Any CPU.Build.0 = Debug|Any CPU
		{1569221A-00B6-4BE6-B003-9E36A49FD115}.Release|Any CPU.ActiveCfg = Release|Any CPU
		{1569221A-00B6-4BE6-B003-9E36A49FD115}.Release|Any CPU.Build.0 = Release|Any CPU
		{ECFE3B48-4845-41BF-A2A5-0C632F12BBCA}.Debug|Any CPU.ActiveCfg = Debug|Any CPU
		{ECFE3B48-4845-41BF-A2A5-0C632F12BBCA}.Debug|Any CPU.Build.0 = Debug|Any CPU
		{ECFE3B48-4845-41BF-A2A5-0C632F12BBCA}.Release|Any CPU.ActiveCfg = Release|Any CPU
		{ECFE3B48-4845-41BF-A2A5-0C632F12BBCA}.Release|Any CPU.Build.0 = Release|Any CPU
		{937989ED-0932-41B3-87B7-6A7EE4BF94FA}.Debug|Any CPU.ActiveCfg = Debug|Any CPU
		{937989ED-0932-41B3-87B7-6A7EE4BF94FA}.Debug|Any CPU.Build.0 = Debug|Any CPU
		{937989ED-0932-41B3-87B7-6A7EE4BF94FA}.Release|Any CPU.ActiveCfg = Release|Any CPU
		{937989ED-0932-41B3-87B7-6A7EE4BF94FA}.Release|Any CPU.Build.0 = Release|Any CPU
	EndGlobalSection
	GlobalSection(SolutionProperties) = preSolution
		HideSolutionNode = FALSE
	EndGlobalSection
	GlobalSection(ExtensibilityGlobals) = postSolution
		SolutionGuid = {CFA20989-D541-4266-9014-BAA3FFD92ECF}
	EndGlobalSection
EndGlobal
